
Microsoft Visual Studio Solution File, Format Version 12.00
# Visual Studio 15
VisualStudioVersion = 15.0.27703.2000
MinimumVisualStudioVersion = 10.0.40219.1
Project("{FAE04EC0-301F-11D3-BF4B-00C04F79EFBC}") = "Server", "Server\Server.csproj", "{5B8BE969-FB4E-4E09-AB8B-39D60A4F918F}"
EndProject
Project("{FAE04EC0-301F-11D3-BF4B-00C04F79EFBC}") = "Client", "Client\Client.csproj", "{BBCA902E-5F7E-4000-88C0-333A3D747354}"
EndProject
Project("{FAE04EC0-301F-11D3-BF4B-00C04F79EFBC}") = "Server 2", "Server 2\Server 2.csproj", "{BB5DA92B-4EB0-4809-B015-1AB90438DF7D}"
EndProject
Project("{FAE04EC0-301F-11D3-BF4B-00C04F79EFBC}") = "Load_Balance", "Load_Balance\Load_Balance.csproj", "{A66AF4BA-23F7-4DFA-9241-A5200E048A54}"
EndProject
Global
	GlobalSection(SolutionConfigurationPlatforms) = preSolution
		Debug|Any CPU = Debug|Any CPU
		Debug|x64 = Debug|x64
		Debug|x86 = Debug|x86
		Release|Any CPU = Release|Any CPU
		Release|x64 = Release|x64
		Release|x86 = Release|x86
	EndGlobalSection
	GlobalSection(ProjectConfigurationPlatforms) = postSolution
		{5B8BE969-FB4E-4E09-AB8B-39D60A4F918F}.Debug|Any CPU.ActiveCfg = Debug|Any CPU
		{5B8BE969-FB4E-4E09-AB8B-39D60A4F918F}.Debug|Any CPU.Build.0 = Debug|Any CPU
		{5B8BE969-FB4E-4E09-AB8B-39D60A4F918F}.Debug|x64.ActiveCfg = Debug|Any CPU
		{5B8BE969-FB4E-4E09-AB8B-39D60A4F918F}.Debug|x64.Build.0 = Debug|Any CPU
		{5B8BE969-FB4E-4E09-AB8B-39D60A4F918F}.Debug|x86.ActiveCfg = Debug|Any CPU
		{5B8BE969-FB4E-4E09-AB8B-39D60A4F918F}.Debug|x86.Build.0 = Debug|Any CPU
		{5B8BE969-FB4E-4E09-AB8B-39D60A4F918F}.Release|Any CPU.ActiveCfg = Release|Any CPU
		{5B8BE969-FB4E-4E09-AB8B-39D60A4F918F}.Release|Any CPU.Build.0 = Release|Any CPU
		{5B8BE969-FB4E-4E09-AB8B-39D60A4F918F}.Release|x64.ActiveCfg = Release|Any CPU
		{5B8BE969-FB4E-4E09-AB8B-39D60A4F918F}.Release|x64.Build.0 = Release|Any CPU
		{5B8BE969-FB4E-4E09-AB8B-39D60A4F918F}.Release|x86.ActiveCfg = Release|Any CPU
		{5B8BE969-FB4E-4E09-AB8B-39D60A4F918F}.Release|x86.Build.0 = Release|Any CPU
		{BBCA902E-5F7E-4000-88C0-333A3D747354}.Debug|Any CPU.ActiveCfg = Debug|Any CPU
		{BBCA902E-5F7E-4000-88C0-333A3D747354}.Debug|Any CPU.Build.0 = Debug|Any CPU
		{BBCA902E-5F7E-4000-88C0-333A3D747354}.Debug|x64.ActiveCfg = Debug|Any CPU
		{BBCA902E-5F7E-4000-88C0-333A3D747354}.Debug|x64.Build.0 = Debug|Any CPU
		{BBCA902E-5F7E-4000-88C0-333A3D747354}.Debug|x86.ActiveCfg = Debug|Any CPU
		{BBCA902E-5F7E-4000-88C0-333A3D747354}.Debug|x86.Build.0 = Debug|Any CPU
		{BBCA902E-5F7E-4000-88C0-333A3D747354}.Release|Any CPU.ActiveCfg = Release|Any CPU
		{BBCA902E-5F7E-4000-88C0-333A3D747354}.Release|Any CPU.Build.0 = Release|Any CPU
		{BBCA902E-5F7E-4000-88C0-333A3D747354}.Release|x64.ActiveCfg = Release|Any CPU
		{BBCA902E-5F7E-4000-88C0-333A3D747354}.Release|x64.Build.0 = Release|Any CPU
		{BBCA902E-5F7E-4000-88C0-333A3D747354}.Release|x86.ActiveCfg = Release|Any CPU
		{BBCA902E-5F7E-4000-88C0-333A3D747354}.Release|x86.Build.0 = Release|Any CPU
		{BB5DA92B-4EB0-4809-B015-1AB90438DF7D}.Debug|Any CPU.ActiveCfg = Debug|Any CPU
		{BB5DA92B-4EB0-4809-B015-1AB90438DF7D}.Debug|Any CPU.Build.0 = Debug|Any CPU
		{BB5DA92B-4EB0-4809-B015-1AB90438DF7D}.Debug|x64.ActiveCfg = Debug|Any CPU
		{BB5DA92B-4EB0-4809-B015-1AB90438DF7D}.Debug|x64.Build.0 = Debug|Any CPU
		{BB5DA92B-4EB0-4809-B015-1AB90438DF7D}.Debug|x86.ActiveCfg = Debug|Any CPU
		{BB5DA92B-4EB0-4809-B015-1AB90438DF7D}.Debug|x86.Build.0 = Debug|Any CPU
		{BB5DA92B-4EB0-4809-B015-1AB90438DF7D}.Release|Any CPU.ActiveCfg = Release|Any CPU
		{BB5DA92B-4EB0-4809-B015-1AB90438DF7D}.Release|Any CPU.Build.0 = Release|Any CPU
		{BB5DA92B-4EB0-4809-B015-1AB90438DF7D}.Release|x64.ActiveCfg = Release|Any CPU
		{BB5DA92B-4EB0-4809-B015-1AB90438DF7D}.Release|x64.Build.0 = Release|Any CPU
		{BB5DA92B-4EB0-4809-B015-1AB90438DF7D}.Release|x86.ActiveCfg = Release|Any CPU
		{BB5DA92B-4EB0-4809-B015-1AB90438DF7D}.Release|x86.Build.0 = Release|Any CPU
		{A66AF4BA-23F7-4DFA-9241-A5200E048A54}.Debug|Any CPU.ActiveCfg = Debug|Any CPU
		{A66AF4BA-23F7-4DFA-9241-A5200E048A54}.Debug|Any CPU.Build.0 = Debug|Any CPU
		{A66AF4BA-23F7-4DFA-9241-A5200E048A54}.Debug|x64.ActiveCfg = Debug|Any CPU
		{A66AF4BA-23F7-4DFA-9241-A5200E048A54}.Debug|x64.Build.0 = Debug|Any CPU
		{A66AF4BA-23F7-4DFA-9241-A5200E048A54}.Debug|x86.ActiveCfg = Debug|Any CPU
		{A66AF4BA-23F7-4DFA-9241-A5200E048A54}.Debug|x86.Build.0 = Debug|Any CPU
		{A66AF4BA-23F7-4DFA-9241-A5200E048A54}.Release|Any CPU.ActiveCfg = Release|Any CPU
		{A66AF4BA-23F7-4DFA-9241-A5200E048A54}.Release|Any CPU.Build.0 = Release|Any CPU
		{A66AF4BA-23F7-4DFA-9241-A5200E048A54}.Release|x64.ActiveCfg = Release|Any CPU
		{A66AF4BA-23F7-4DFA-9241-A5200E048A54}.Release|x64.Build.0 = Release|Any CPU
		{A66AF4BA-23F7-4DFA-9241-A5200E048A54}.Release|x86.ActiveCfg = Release|Any CPU
		{A66AF4BA-23F7-4DFA-9241-A5200E048A54}.Release|x86.Build.0 = Release|Any CPU
	EndGlobalSection
	GlobalSection(SolutionProperties) = preSolution
		HideSolutionNode = FALSE
	EndGlobalSection
	GlobalSection(ExtensibilityGlobals) = postSolution
		SolutionGuid = {EAA99DDA-27EE-4443-A71D-29E458E5C07B}
	EndGlobalSection
EndGlobal
